{
  "name": "web",
  "lockfileVersion": 3,
  "requires": true,
  "packages": {
    "": {
      "dependencies": {
        "@faceratio/web": "file:../..",
        "@mediapipe/camera_utils": "^0.3.1675466862",
        "@mediapipe/face_mesh": "^0.4.1633559619"
      }
    },
    "../..": {
      "name": "@faceratio/web",
      "dependencies": {
        "@mediapipe/camera_utils": "latest",
        "@mediapipe/face_mesh": "latest",
        "framer-motion": "^12.23.0",
        "next": "^15.4.1",
        "react": "^19.1.0",
        "react-dom": "^19.1.0"
      },
      "devDependencies": {
        "@tailwindcss/postcss": "^4.3.0",
        "@types/node": "^22.15.29",
        "@types/react": "^19.1.8",
        "@types/react-dom": "^19.1.6",
        "autoprefixer": "^10.4.21",
        "postcss": "^8.5.6",
        "tailwindcss": "^4.1.10",
        "typescript": "^5.8.3"
      }
    },
    "node_modules/@faceratio/web": {
      "resolved": "../..",
      "link": true
    },
    "node_modules/@mediapipe/camera_utils": {
      "version": "0.3.1675466862",
      "resolved": "https://registry.npmjs.org/@mediapipe/camera_utils/-/camera_utils-0.3.1675466862.tgz",
      "integrity": "sha512-siuXBoUxWo9WL0MeAxIxvxY04bvbtdNl7uCxoJxiAiRtNnCYrurr7Vl5VYQ94P7Sq0gVq6PxIDhWWeZ/pLnSzw==",
      "license": "Apache-2.0"
    },
    "node_modules/@mediapipe/face_mesh": {
      "version": "0.4.1633559619",
      "resolved": "https://registry.npmjs.org/@mediapipe/face_mesh/-/face_mesh-0.4.1633559619.tgz",
      "integrity": "sha512-Vc8cdjxS5+O2gnjWH9KncYpUCVXT0h714KlWAsyqJvJbIgUJBqpppbIx8yWcAzBDxm/5cYSuBI5p5ySIPxzcEg==",
      "license": "Apache-2.0"
    }
  }
}
